
Microsoft Visual Studio Solution File, Format Version 12.00
# Visual Studio 14
VisualStudioVersion = 14.0.25420.1
MinimumVisualStudioVersion = 10.0.40219.1
Project("{FAE04EC0-301F-11D3-BF4B-00C04F79EFBC}") = "8. Feladat", "8. Feladat\8. Feladat.csproj", "{5CE663FF-4EEA-4B59-85F8-EAB3E3A40DCF}"
EndProject
Global
	GlobalSection(SolutionConfigurationPlatforms) = preSolution
		Debug|Any CPU = Debug|Any CPU
		Release|Any CPU = Release|Any CPU
	EndGlobalSection
	GlobalSection(ProjectConfigurationPlatforms) = postSolution
		{5CE663FF-4EEA-4B59-85F8-EAB3E3A40DCF}.Debug|Any CPU.ActiveCfg = Debug|Any CPU
		{5CE663FF-4EEA-4B59-85F8-EAB3E3A40DCF}.Debug|Any CPU.Build.0 = Debug|Any CPU
		{5CE663FF-4EEA-4B59-85F8-EAB3E3A40DCF}.Release|Any CPU.ActiveCfg = Release|Any CPU
		{5CE663FF-4EEA-4B59-85F8-EAB3E3A40DCF}.Release|Any CPU.Build.0 = Release|Any CPU
	EndGlobalSection
	GlobalSection(SolutionProperties) = preSolution
		HideSolutionNode = FALSE
	EndGlobalSection
EndGlobal
